// !$*UTF8*$!
{
	archiveVersion = 1;
	classes = {
	};
	objectVersion = 46;
	objects = {

/* Begin PBXBuildFile section */
		106535051CE861C60013D2AE /* ApplicationServices.framework in Frameworks */ = {isa = PBXBuildFile; fileRef = 106535041CE861C60013D2AE /* ApplicationServices.framework */; };
		6057394224CA1F81006E0D11 /* Process.cpp in Sources */ = {isa = PBXBuildFile; fileRef = 6057394124CA1F81006E0D11 /* Process.cpp */; };
		6057394424CA203B006E0D11 /* MemMngr.cpp in Sources */ = {isa = PBXBuildFile; fileRef = 6057394324CA203B006E0D11 /* MemMngr.cpp */; };
		6057394624CA212B006E0D11 /* Scanner.cpp in Sources */ = {isa = PBXBuildFile; fileRef = 6057394524CA212B006E0D11 /* Scanner.cpp */; };
		6057394824CA219A006E0D11 /* Wall.cpp in Sources */ = {isa = PBXBuildFile; fileRef = 6057394724CA219A006E0D11 /* Wall.cpp */; };
		EA7F508223867EDD00DE777B /* main.cpp in Sources */ = {isa = PBXBuildFile; fileRef = EA7F508023867EDD00DE777B /* main.cpp */; };
/* End PBXBuildFile section */

/* Begin PBXCopyFilesBuildPhase section */
		106534F51CE77CA90013D2AE /* CopyFiles */ = {
			isa = PBXCopyFilesBuildPhase;
			buildActionMask = 2147483647;
			dstPath = /usr/share/man/man1/;
			dstSubfolderSpec = 0;
			files = (
			);
			runOnlyForDeploymentPostprocessing = 1;
		};
/* End PBXCopyFilesBuildPhase section */

/* Begin PBXFileReference section */
		106534F71CE77CA90013D2AE /* Wall */ = {isa = PBXFileReference; explicitFileType = "compiled.mach-o.executable"; includeInIndex = 0; path = Wall; sourceTree = BUILT_PRODUCTS_DIR; };
		106535041CE861C60013D2AE /* ApplicationServices.framework */ = {isa = PBXFileReference; lastKnownFileType = wrapper.framework; name = ApplicationServices.framework; path = System/Library/Frameworks/ApplicationServices.framework; sourceTree = SDKROOT; };
		6011E95F24982B3200F4BEDA /* Wall.hpp */ = {isa = PBXFileReference; fileEncoding = 4; lastKnownFileType = sourcecode.cpp.h; path = Wall.hpp; sourceTree = "<group>"; };
		60496661249941CC004DE196 /* ColorText.hpp */ = {isa = PBXFileReference; fileEncoding = 4; lastKnownFileType = sourcecode.cpp.h; path = ColorText.hpp; sourceTree = "<group>"; };
		6057394124CA1F81006E0D11 /* Process.cpp */ = {isa = PBXFileReference; lastKnownFileType = sourcecode.cpp.cpp; path = Process.cpp; sourceTree = "<group>"; };
		6057394324CA203B006E0D11 /* MemMngr.cpp */ = {isa = PBXFileReference; lastKnownFileType = sourcecode.cpp.cpp; path = MemMngr.cpp; sourceTree = "<group>"; };
		6057394524CA212B006E0D11 /* Scanner.cpp */ = {isa = PBXFileReference; lastKnownFileType = sourcecode.cpp.cpp; path = Scanner.cpp; sourceTree = "<group>"; };
		6057394724CA219A006E0D11 /* Wall.cpp */ = {isa = PBXFileReference; lastKnownFileType = sourcecode.cpp.cpp; path = Wall.cpp; sourceTree = "<group>"; };
		EA7F508023867EDD00DE777B /* main.cpp */ = {isa = PBXFileReference; fileEncoding = 4; lastKnownFileType = sourcecode.cpp.cpp; path = main.cpp; sourceTree = "<group>"; };
		EA7F508123867EDD00DE777B /* Offsets.hpp */ = {isa = PBXFileReference; fileEncoding = 4; lastKnownFileType = sourcecode.cpp.h; path = Offsets.hpp; sourceTree = "<group>"; };
		EA87B8672380933800C4597F /* MemMngr.hpp */ = {isa = PBXFileReference; fileEncoding = 4; lastKnownFileType = sourcecode.cpp.h; path = MemMngr.hpp; sourceTree = "<group>"; };
		EA87B8682380933800C4597F /* Process.hpp */ = {isa = PBXFileReference; fileEncoding = 4; lastKnownFileType = sourcecode.cpp.h; path = Process.hpp; sourceTree = "<group>"; };
		EA87B8692380933800C4597F /* Scanner.hpp */ = {isa = PBXFileReference; fileEncoding = 4; lastKnownFileType = sourcecode.cpp.h; path = Scanner.hpp; sourceTree = "<group>"; };
/* End PBXFileReference section */

/* Begin PBXFrameworksBuildPhase section */
		106534F41CE77CA90013D2AE /* Frameworks */ = {
			isa = PBXFrameworksBuildPhase;
			buildActionMask = 2147483647;
			files = (
				106535051CE861C60013D2AE /* ApplicationServices.framework in Frameworks */,
			);
			runOnlyForDeploymentPostprocessing = 0;
		};
/* End PBXFrameworksBuildPhase section */

/* Begin PBXGroup section */
		106534EE1CE77CA90013D2AE = {
			isa = PBXGroup;
			children = (
				106535041CE861C60013D2AE /* ApplicationServices.framework */,
				106534F91CE77CA90013D2AE /* Wall */,
				106534F81CE77CA90013D2AE /* Products */,
			);
			sourceTree = "<group>";
		};
		106534F81CE77CA90013D2AE /* Products */ = {
			isa = PBXGroup;
			children = (
				106534F71CE77CA90013D2AE /* Wall */,
			);
			name = Products;
			sourceTree = "<group>";
		};
		106534F91CE77CA90013D2AE /* Wall */ = {
			isa = PBXGroup;
			children = (
				EA7F508123867EDD00DE777B /* Offsets.hpp */,
				60496661249941CC004DE196 /* ColorText.hpp */,
				EA87B8682380933800C4597F /* Process.hpp */,
				6057394124CA1F81006E0D11 /* Process.cpp */,
				EA87B8672380933800C4597F /* MemMngr.hpp */,
				6057394324CA203B006E0D11 /* MemMngr.cpp */,
				EA87B8692380933800C4597F /* Scanner.hpp */,
				6057394524CA212B006E0D11 /* Scanner.cpp */,
				6011E95F24982B3200F4BEDA /* Wall.hpp */,
				6057394724CA219A006E0D11 /* Wall.cpp */,
				EA7F508023867EDD00DE777B /* main.cpp */,
			);
			path = Wall;
			sourceTree = "<group>";
		};
/* End PBXGroup section */

/* Begin PBXNativeTarget section */
		106534F61CE77CA90013D2AE /* Wall */ = {
			isa = PBXNativeTarget;
			buildConfigurationList = 106534FE1CE77CA90013D2AE /* Build configuration list for PBXNativeTarget "Wall" */;
			buildPhases = (
				106534F31CE77CA90013D2AE /* Sources */,
				106534F41CE77CA90013D2AE /* Frameworks */,
				106534F51CE77CA90013D2AE /* CopyFiles */,
			);
			buildRules = (
			);
			dependencies = (
			);
			name = Wall;
			productName = Wall;
			productReference = 106534F71CE77CA90013D2AE /* Wall */;
			productType = "com.apple.product-type.tool";
		};
/* End PBXNativeTarget section */

/* Begin PBXProject section */
		106534EF1CE77CA90013D2AE /* Project object */ = {
			isa = PBXProject;
			attributes = {
				LastUpgradeCheck = 1200;
				ORGANIZATIONNAME = nadp;
				TargetAttributes = {
					106534F61CE77CA90013D2AE = {
						CreatedOnToolsVersion = 7.3;
					};
				};
			};
			buildConfigurationList = 106534F21CE77CA90013D2AE /* Build configuration list for PBXProject "Wall" */;
			compatibilityVersion = "Xcode 3.2";
			developmentRegion = en;
			hasScannedForEncodings = 0;
			knownRegions = (
				en,
				Base,
			);
			mainGroup = 106534EE1CE77CA90013D2AE;
			productRefGroup = 106534F81CE77CA90013D2AE /* Products */;
			projectDirPath = "";
			projectRoot = "";
			targets = (
				106534F61CE77CA90013D2AE /* Wall */,
			);
		};
/* End PBXProject section */

/* Begin PBXSourcesBuildPhase section */
		106534F31CE77CA90013D2AE /* Sources */ = {
			isa = PBXSourcesBuildPhase;
			buildActionMask = 2147483647;
			files = (
				EA7F508223867EDD00DE777B /* main.cpp in Sources */,
				6057394424CA203B006E0D11 /* MemMngr.cpp in Sources */,
				6057394624CA212B006E0D11 /* Scanner.cpp in Sources */,
				6057394224CA1F81006E0D11 /* Process.cpp in Sources */,
				6057394824CA219A006E0D11 /* Wall.cpp in Sources */,
			);
			runOnlyForDeploymentPostprocessing = 0;
		};
/* End PBXSourcesBuildPhase section */

/* Begin XCBuildConfiguration section */
		106534FC1CE77CA90013D2AE /* Debug */ = {
			isa = XCBuildConfiguration;
			buildSettings = {
				ALWAYS_SEARCH_USER_PATHS = NO;
				CLANG_ANALYZER_LOCALIZABILITY_NONLOCALIZED = YES;
				CLANG_ANALYZER_NONNULL = YES;
				CLANG_CXX_LANGUAGE_STANDARD = "gnu++0x";
				CLANG_CXX_LIBRARY = "libc++";
				CLANG_ENABLE_MODULES = YES;
				CLANG_ENABLE_OBJC_ARC = YES;
				CLANG_WARN_BLOCK_CAPTURE_AUTORELEASING = YES;
				CLANG_WARN_BOOL_CONVERSION = YES;
				CLANG_WARN_COMMA = YES;
				CLANG_WARN_CONSTANT_CONVERSION = YES;
				CLANG_WARN_DEPRECATED_OBJC_IMPLEMENTATIONS = YES;
				CLANG_WARN_DIRECT_OBJC_ISA_USAGE = YES_ERROR;
				CLANG_WARN_EMPTY_BODY = YES;
				CLANG_WARN_ENUM_CONVERSION = YES;
				CLANG_WARN_INFINITE_RECURSION = YES;
				CLANG_WARN_INT_CONVERSION = YES;
				CLANG_WARN_NON_LITERAL_NULL_CONVERSION = YES;
				CLANG_WARN_OBJC_IMPLICIT_RETAIN_SELF = YES;
				CLANG_WARN_OBJC_LITERAL_CONVERSION = YES;
				CLANG_WARN_OBJC_ROOT_CLASS = YES_ERROR;
				CLANG_WARN_QUOTED_INCLUDE_IN_FRAMEWORK_HEADER = YES;
				CLANG_WARN_RANGE_LOOP_ANALYSIS = YES;
				CLANG_WARN_STRICT_PROTOTYPES = YES;
				CLANG_WARN_SUSPICIOUS_MOVE = YES;
				CLANG_WARN_UNREACHABLE_CODE = YES;
				CLANG_WARN__DUPLICATE_METHOD_MATCH = YES;
				CODE_SIGN_IDENTITY = "-";
				COPY_PHASE_STRIP = NO;
				DEBUG_INFORMATION_FORMAT = dwarf;
				ENABLE_STRICT_OBJC_MSGSEND = YES;
				ENABLE_TESTABILITY = YES;
				GCC_C_LANGUAGE_STANDARD = gnu99;
				GCC_DYNAMIC_NO_PIC = NO;
				GCC_NO_COMMON_BLOCKS = YES;
				GCC_OPTIMIZATION_LEVEL = 0;
				GCC_PREPROCESSOR_DEFINITIONS = (
					"DEBUG=1",
					"$(inherited)",
				);
				GCC_WARN_64_TO_32_BIT_CONVERSION = YES;
				GCC_WARN_ABOUT_RETURN_TYPE = YES_ERROR;
				GCC_WARN_UNDECLARED_SELECTOR = YES;
				GCC_WARN_UNINITIALIZED_AUTOS = YES_AGGRESSIVE;
				GCC_WARN_UNUSED_FUNCTION = YES;
				GCC_WARN_UNUSED_VARIABLE = YES;
				MACOSX_DEPLOYMENT_TARGET = 10.12;
				MTL_ENABLE_DEBUG_INFO = YES;
				ONLY_ACTIVE_ARCH = YES;
				SDKROOT = macosx;
			};
			name = Debug;
		};
		106534FD1CE77CA90013D2AE /* Release */ = {
			isa = XCBuildConfiguration;
			buildSettings = {
				ALWAYS_SEARCH_USER_PATHS = NO;
				CLANG_ANALYZER_LOCALIZABILITY_NONLOCALIZED = YES;
				CLANG_ANALYZER_NONNULL = YES;
				CLANG_CXX_LANGUAGE_STANDARD = "gnu++0x";
				CLANG_CXX_LIBRARY = "libc++";
				CLANG_ENABLE_MODULES = YES;
				CLANG_ENABLE_OBJC_ARC = YES;
				CLANG_WARN_BLOCK_CAPTURE_AUTORELEASING = YES;
				CLANG_WARN_BOOL_CONVERSION = YES;
				CLANG_WARN_COMMA = YES;
				CLANG_WARN_CONSTANT_CONVERSION = YES;
				CLANG_WARN_DEPRECATED_OBJC_IMPLEMENTATIONS = YES;
				CLANG_WARN_DIRECT_OBJC_ISA_USAGE = YES_ERROR;
				CLANG_WARN_EMPTY_BODY = YES;
				CLANG_WARN_ENUM_CONVERSION = YES;
				CLANG_WARN_INFINITE_RECURSION = YES;
				CLANG_WARN_INT_CONVERSION = YES;
				CLANG_WARN_NON_LITERAL_NULL_CONVERSION = YES;
				CLANG_WARN_OBJC_IMPLICIT_RETAIN_SELF = YES;
				CLANG_WARN_OBJC_LITERAL_CONVERSION = YES;
				CLANG_WARN_OBJC_ROOT_CLASS = YES_ERROR;
				CLANG_WARN_QUOTED_INCLUDE_IN_FRAMEWORK_HEADER = YES;
				CLANG_WARN_RANGE_LOOP_ANALYSIS = YES;
				CLANG_WARN_STRICT_PROTOTYPES = YES;
				CLANG_WARN_SUSPICIOUS_MOVE = YES;
				CLANG_WARN_UNREACHABLE_CODE = YES;
				CLANG_WARN__DUPLICATE_METHOD_MATCH = YES;
				CODE_SIGN_IDENTITY = "-";
				COPY_PHASE_STRIP = NO;
				DEBUG_INFORMATION_FORMAT = "dwarf-with-dsym";
				ENABLE_NS_ASSERTIONS = NO;
				ENABLE_STRICT_OBJC_MSGSEND = YES;
				GCC_C_LANGUAGE_STANDARD = gnu99;
				GCC_NO_COMMON_BLOCKS = YES;
				GCC_WARN_64_TO_32_BIT_CONVERSION = YES;
				GCC_WARN_ABOUT_RETURN_TYPE = YES_ERROR;
				GCC_WARN_UNDECLARED_SELECTOR = YES;
				GCC_WARN_UNINITIALIZED_AUTOS = YES_AGGRESSIVE;
				GCC_WARN_UNUSED_FUNCTION = YES;
				GCC_WARN_UNUSED_VARIABLE = YES;
				MACOSX_DEPLOYMENT_TARGET = 10.12;
				MTL_ENABLE_DEBUG_INFO = NO;
				ONLY_ACTIVE_ARCH = NO;
				SDKROOT = macosx;
			};
			name = Release;
		};
		106534FF1CE77CA90013D2AE /* Debug */ = {
			isa = XCBuildConfiguration;
			buildSettings = {
				CLANG_CXX_LANGUAGE_STANDARD = "c++0x";
				CODE_SIGN_IDENTITY = "-";
				DEBUG_INFORMATION_FORMAT = "dwarf-with-dsym";
				OTHER_LDFLAGS = "";
				PRODUCT_NAME = "$(TARGET_NAME)";
			};
			name = Debug;
		};
		106535001CE77CA90013D2AE /* Release */ = {
			isa = XCBuildConfiguration;
			buildSettings = {
				CLANG_CXX_LANGUAGE_STANDARD = "c++0x";
				CODE_SIGN_IDENTITY = "-";
				DEBUG_INFORMATION_FORMAT = dwarf;
				GCC_OPTIMIZATION_LEVEL = 3;
				OTHER_LDFLAGS = "";
				PRODUCT_NAME = "$(TARGET_NAME)";
			};
			name = Release;
		};
/* End XCBuildConfiguration section */

/* Begin XCConfigurationList section */
		106534F21CE77CA90013D2AE /* Build configuration list for PBXProject "Wall" */ = {
			isa = XCConfigurationList;
			buildConfigurations = (
				106534FC1CE77CA90013D2AE /* Debug */,
				106534FD1CE77CA90013D2AE /* Release */,
			);
			defaultConfigurationIsVisible = 0;
			defaultConfigurationName = Release;
		};
		106534FE1CE77CA90013D2AE /* Build configuration list for PBXNativeTarget "Wall" */ = {
			isa = XCConfigurationList;
			buildConfigurations = (
				106534FF1CE77CA90013D2AE /* Debug */,
				106535001CE77CA90013D2AE /* Release */,
			);
			defaultConfigurationIsVisible = 0;
			defaultConfigurationName = Release;
		};
/* End XCConfigurationList section */
	};
	rootObject = 106534EF1CE77CA90013D2AE /* Project object */;
}
