// !$*UTF8*$!
{
	archiveVersion = 1;
	classes = {
	};
	objectVersion = 46;
	objects = {

/* Begin PBXBuildFile section */
		106534FB1CE77CA90013D2AE /* main.cpp in Sources */ = {isa = PBXBuildFile; fileRef = 106534FA1CE77CA90013D2AE /* main.cpp */; };
		106535051CE861C60013D2AE /* ApplicationServices.framework in Frameworks */ = {isa = PBXBuildFile; fileRef = 106535041CE861C60013D2AE /* ApplicationServices.framework */; };
/* End PBXBuildFile section */

/* Begin PBXCopyFilesBuildPhase section */
		106534F51CE77CA90013D2AE /* CopyFiles */ = {
			isa = PBXCopyFilesBuildPhase;
			buildActionMask = 2147483647;
			dstPath = /usr/share/man/man1/;
			dstSubfolderSpec = 0;
			files = (
			);
			runOnlyForDeploymentPostprocessing = 1;
		};
/* End PBXCopyFilesBuildPhase section */

/* Begin PBXFileReference section */
		106534F71CE77CA90013D2AE /* Wall */ = {isa = PBXFileReference; explicitFileType = "compiled.mach-o.executable"; includeInIndex = 0; path = Wall; sourceTree = BUILT_PRODUCTS_DIR; };
		106534FA1CE77CA90013D2AE /* main.cpp */ = {isa = PBXFileReference; lastKnownFileType = sourcecode.cpp.cpp; path = main.cpp; sourceTree = "<group>"; wrapsLines = 0; };
		106535041CE861C60013D2AE /* ApplicationServices.framework */ = {isa = PBXFileReference; lastKnownFileType = wrapper.framework; name = ApplicationServices.framework; path = System/Library/Frameworks/ApplicationServices.framework; sourceTree = SDKROOT; };
		D86084DD1DC26495004A7257 /* manager.cpp */ = {isa = PBXFileReference; lastKnownFileType = sourcecode.cpp.cpp; path = manager.cpp; sourceTree = "<group>"; };
		D86084DE1DC26495004A7257 /* manager.hpp */ = {isa = PBXFileReference; lastKnownFileType = sourcecode.cpp.h; path = manager.hpp; sourceTree = "<group>"; };
		D86084DF1DC26495004A7257 /* process.cpp */ = {isa = PBXFileReference; lastKnownFileType = sourcecode.cpp.cpp; path = process.cpp; sourceTree = "<group>"; };
		D86084E01DC26495004A7257 /* process.hpp */ = {isa = PBXFileReference; lastKnownFileType = sourcecode.cpp.h; path = process.hpp; sourceTree = "<group>"; };
		D86084E11DC26495004A7257 /* scanner.cpp */ = {isa = PBXFileReference; lastKnownFileType = sourcecode.cpp.cpp; path = scanner.cpp; sourceTree = "<group>"; };
		D860A9F01DD2FBD5000D74C8 /* keyboard.h */ = {isa = PBXFileReference; lastKnownFileType = sourcecode.c.h; name = keyboard.h; path = utils/keyboard.h; sourceTree = "<group>"; };
/* End PBXFileReference section */

/* Begin PBXFrameworksBuildPhase section */
		106534F41CE77CA90013D2AE /* Frameworks */ = {
			isa = PBXFrameworksBuildPhase;
			buildActionMask = 2147483647;
			files = (
				106535051CE861C60013D2AE /* ApplicationServices.framework in Frameworks */,
			);
			runOnlyForDeploymentPostprocessing = 0;
		};
/* End PBXFrameworksBuildPhase section */

/* Begin PBXGroup section */
		106534EE1CE77CA90013D2AE = {
			isa = PBXGroup;
			children = (
				106535041CE861C60013D2AE /* ApplicationServices.framework */,
				106534F91CE77CA90013D2AE /* Wall */,
				106534F81CE77CA90013D2AE /* Products */,
			);
			sourceTree = "<group>";
		};
		106534F81CE77CA90013D2AE /* Products */ = {
			isa = PBXGroup;
			children = (
				106534F71CE77CA90013D2AE /* Wall */,
			);
			name = Products;
			sourceTree = "<group>";
		};
		106534F91CE77CA90013D2AE /* Wall */ = {
			isa = PBXGroup;
			children = (
				D860A9F11DD2FBDC000D74C8 /* utils */,
				D86084DC1DC26495004A7257 /* memory */,
				106534FA1CE77CA90013D2AE /* main.cpp */,
			);
			path = Wall;
			sourceTree = "<group>";
		};
		D86084DC1DC26495004A7257 /* memory */ = {
			isa = PBXGroup;
			children = (
				D86084DD1DC26495004A7257 /* manager.cpp */,
				D86084DE1DC26495004A7257 /* manager.hpp */,
				D86084DF1DC26495004A7257 /* process.cpp */,
				D86084E01DC26495004A7257 /* process.hpp */,
				D86084E11DC26495004A7257 /* scanner.cpp */,
			);
			path = memory;
			sourceTree = "<group>";
		};
		D860A9F11DD2FBDC000D74C8 /* utils */ = {
			isa = PBXGroup;
			children = (
				D860A9F01DD2FBD5000D74C8 /* keyboard.h */,
			);
			name = utils;
			sourceTree = "<group>";
		};
/* End PBXGroup section */

/* Begin PBXNativeTarget section */
		106534F61CE77CA90013D2AE /* Wall */ = {
			isa = PBXNativeTarget;
			buildConfigurationList = 106534FE1CE77CA90013D2AE /* Build configuration list for PBXNativeTarget "Wall" */;
			buildPhases = (
				106534F31CE77CA90013D2AE /* Sources */,
				106534F41CE77CA90013D2AE /* Frameworks */,
				106534F51CE77CA90013D2AE /* CopyFiles */,
			);
			buildRules = (
			);
			dependencies = (
			);
			name = Wall;
			productName = Wall;
			productReference = 106534F71CE77CA90013D2AE /* Wall */;
			productType = "com.apple.product-type.tool";
		};
/* End PBXNativeTarget section */

/* Begin PBXProject section */
		106534EF1CE77CA90013D2AE /* Project object */ = {
			isa = PBXProject;
			attributes = {
				LastUpgradeCheck = 0800;
				ORGANIZATIONNAME = nadp;
				TargetAttributes = {
					106534F61CE77CA90013D2AE = {
						CreatedOnToolsVersion = 7.3;
					};
				};
			};
			buildConfigurationList = 106534F21CE77CA90013D2AE /* Build configuration list for PBXProject "Wall" */;
			compatibilityVersion = "Xcode 3.2";
			developmentRegion = English;
			hasScannedForEncodings = 0;
			knownRegions = (
				en,
			);
			mainGroup = 106534EE1CE77CA90013D2AE;
			productRefGroup = 106534F81CE77CA90013D2AE /* Products */;
			projectDirPath = "";
			projectRoot = "";
			targets = (
				106534F61CE77CA90013D2AE /* Wall */,
			);
		};
/* End PBXProject section */

/* Begin PBXSourcesBuildPhase section */
		106534F31CE77CA90013D2AE /* Sources */ = {
			isa = PBXSourcesBuildPhase;
			buildActionMask = 2147483647;
			files = (
				106534FB1CE77CA90013D2AE /* main.cpp in Sources */,
			);
			runOnlyForDeploymentPostprocessing = 0;
		};
/* End PBXSourcesBuildPhase section */

/* Begin XCBuildConfiguration section */
		106534FC1CE77CA90013D2AE /* Debug */ = {
			isa = XCBuildConfiguration;
			buildSettings = {
				ALWAYS_SEARCH_USER_PATHS = NO;
				CLANG_ANALYZER_NONNULL = YES;
				CLANG_CXX_LANGUAGE_STANDARD = "gnu++0x";
				CLANG_CXX_LIBRARY = "libc++";
				CLANG_ENABLE_MODULES = YES;
				CLANG_ENABLE_OBJC_ARC = YES;
				CLANG_WARN_BOOL_CONVERSION = YES;
				CLANG_WARN_CONSTANT_CONVERSION = YES;
				CLANG_WARN_DIRECT_OBJC_ISA_USAGE = YES_ERROR;
				CLANG_WARN_EMPTY_BODY = YES;
				CLANG_WARN_ENUM_CONVERSION = YES;
				CLANG_WARN_INFINITE_RECURSION = YES;
				CLANG_WARN_INT_CONVERSION = YES;
				CLANG_WARN_OBJC_ROOT_CLASS = YES_ERROR;
				CLANG_WARN_SUSPICIOUS_MOVE = YES;
				CLANG_WARN_UNREACHABLE_CODE = YES;
				CLANG_WARN__DUPLICATE_METHOD_MATCH = YES;
				CODE_SIGN_IDENTITY = "-";
				COPY_PHASE_STRIP = NO;
				DEBUG_INFORMATION_FORMAT = dwarf;
				ENABLE_STRICT_OBJC_MSGSEND = YES;
				ENABLE_TESTABILITY = YES;
				GCC_C_LANGUAGE_STANDARD = gnu99;
				GCC_DYNAMIC_NO_PIC = NO;
				GCC_NO_COMMON_BLOCKS = YES;
				GCC_OPTIMIZATION_LEVEL = 0;
				GCC_PREPROCESSOR_DEFINITIONS = (
					"DEBUG=1",
					"$(inherited)",
				);
				GCC_WARN_64_TO_32_BIT_CONVERSION = YES;
				GCC_WARN_ABOUT_RETURN_TYPE = YES_ERROR;
				GCC_WARN_UNDECLARED_SELECTOR = YES;
				GCC_WARN_UNINITIALIZED_AUTOS = YES_AGGRESSIVE;
				GCC_WARN_UNUSED_FUNCTION = YES;
				GCC_WARN_UNUSED_VARIABLE = YES;
				MACOSX_DEPLOYMENT_TARGET = 10.12;
				MTL_ENABLE_DEBUG_INFO = YES;
				ONLY_ACTIVE_ARCH = YES;
				SDKROOT = macosx;
			};
			name = Debug;
		};
		106534FD1CE77CA90013D2AE /* Release */ = {
			isa = XCBuildConfiguration;
			buildSettings = {
				ALWAYS_SEARCH_USER_PATHS = NO;
				CLANG_ANALYZER_NONNULL = YES;
				CLANG_CXX_LANGUAGE_STANDARD = "gnu++0x";
				CLANG_CXX_LIBRARY = "libc++";
				CLANG_ENABLE_MODULES = YES;
				CLANG_ENABLE_OBJC_ARC = YES;
				CLANG_WARN_BOOL_CONVERSION = YES;
				CLANG_WARN_CONSTANT_CONVERSION = YES;
				CLANG_WARN_DIRECT_OBJC_ISA_USAGE = YES_ERROR;
				CLANG_WARN_EMPTY_BODY = YES;
				CLANG_WARN_ENUM_CONVERSION = YES;
				CLANG_WARN_INFINITE_RECURSION = YES;
				CLANG_WARN_INT_CONVERSION = YES;
				CLANG_WARN_OBJC_ROOT_CLASS = YES_ERROR;
				CLANG_WARN_SUSPICIOUS_MOVE = YES;
				CLANG_WARN_UNREACHABLE_CODE = YES;
				CLANG_WARN__DUPLICATE_METHOD_MATCH = YES;
				CODE_SIGN_IDENTITY = "-";
				COPY_PHASE_STRIP = NO;
				DEBUG_INFORMATION_FORMAT = "dwarf-with-dsym";
				ENABLE_NS_ASSERTIONS = NO;
				ENABLE_STRICT_OBJC_MSGSEND = YES;
				GCC_C_LANGUAGE_STANDARD = gnu99;
				GCC_NO_COMMON_BLOCKS = YES;
				GCC_WARN_64_TO_32_BIT_CONVERSION = YES;
				GCC_WARN_ABOUT_RETURN_TYPE = YES_ERROR;
				GCC_WARN_UNDECLARED_SELECTOR = YES;
				GCC_WARN_UNINITIALIZED_AUTOS = YES_AGGRESSIVE;
				GCC_WARN_UNUSED_FUNCTION = YES;
				GCC_WARN_UNUSED_VARIABLE = YES;
				MACOSX_DEPLOYMENT_TARGET = 10.12;
				MTL_ENABLE_DEBUG_INFO = NO;
				SDKROOT = macosx;
			};
			name = Release;
		};
		106534FF1CE77CA90013D2AE /* Debug */ = {
			isa = XCBuildConfiguration;
			buildSettings = {
				PRODUCT_NAME = "$(TARGET_NAME)";
			};
			name = Debug;
		};
		106535001CE77CA90013D2AE /* Release */ = {
			isa = XCBuildConfiguration;
			buildSettings = {
				PRODUCT_NAME = "$(TARGET_NAME)";
			};
			name = Release;
		};
/* End XCBuildConfiguration section */

/* Begin XCConfigurationList section */
		106534F21CE77CA90013D2AE /* Build configuration list for PBXProject "Wall" */ = {
			isa = XCConfigurationList;
			buildConfigurations = (
				106534FC1CE77CA90013D2AE /* Debug */,
				106534FD1CE77CA90013D2AE /* Release */,
			);
			defaultConfigurationIsVisible = 0;
			defaultConfigurationName = Release;
		};
		106534FE1CE77CA90013D2AE /* Build configuration list for PBXNativeTarget "Wall" */ = {
			isa = XCConfigurationList;
			buildConfigurations = (
				106534FF1CE77CA90013D2AE /* Debug */,
				106535001CE77CA90013D2AE /* Release */,
			);
			defaultConfigurationIsVisible = 0;
			defaultConfigurationName = Release;
		};
/* End XCConfigurationList section */
	};
	rootObject = 106534EF1CE77CA90013D2AE /* Project object */;
}
